
Microsoft Visual Studio Solution File, Format Version 12.00
# Visual Studio 14
VisualStudioVersion = 14.0.25420.1
MinimumVisualStudioVersion = 10.0.40219.1
Project("{FAE04EC0-301F-11D3-BF4B-00C04F79EFBC}") = "WebApplication6", "WebApplication6\WebApplication6.csproj", "{9EF146C6-3EC7-4E7E-B504-15C0ACAC4F7F}"
EndProject
Project("{FAE04EC0-301F-11D3-BF4B-00C04F79EFBC}") = "WebApplication6.Tests", "WebApplication6.Tests\WebApplication6.Tests.csproj", "{B86BDFEE-8B5C-4D67-8CFC-32EE637406B8}"
EndProject
Global
	GlobalSection(SolutionConfigurationPlatforms) = preSolution
		Debug|Any CPU = Debug|Any CPU
		Release|Any CPU = Release|Any CPU
	EndGlobalSection
	GlobalSection(ProjectConfigurationPlatforms) = postSolution
		{9EF146C6-3EC7-4E7E-B504-15C0ACAC4F7F}.Debug|Any CPU.ActiveCfg = Debug|Any CPU
		{9EF146C6-3EC7-4E7E-B504-15C0ACAC4F7F}.Debug|Any CPU.Build.0 = Debug|Any CPU
		{9EF146C6-3EC7-4E7E-B504-15C0ACAC4F7F}.Release|Any CPU.ActiveCfg = Release|Any CPU
		{9EF146C6-3EC7-4E7E-B504-15C0ACAC4F7F}.Release|Any CPU.Build.0 = Release|Any CPU
		{B86BDFEE-8B5C-4D67-8CFC-32EE637406B8}.Debug|Any CPU.ActiveCfg = Debug|Any CPU
		{B86BDFEE-8B5C-4D67-8CFC-32EE637406B8}.Debug|Any CPU.Build.0 = Debug|Any CPU
		{B86BDFEE-8B5C-4D67-8CFC-32EE637406B8}.Release|Any CPU.ActiveCfg = Release|Any CPU
		{B86BDFEE-8B5C-4D67-8CFC-32EE637406B8}.Release|Any CPU.Build.0 = Release|Any CPU
	EndGlobalSection
	GlobalSection(SolutionProperties) = preSolution
		HideSolutionNode = FALSE
	EndGlobalSection
EndGlobal
