
Microsoft Visual Studio Solution File, Format Version 12.00
# Visual Studio 14
VisualStudioVersion = 14.0.25420.1
MinimumVisualStudioVersion = 10.0.40219.1
Project("{FAE04EC0-301F-11D3-BF4B-00C04F79EFBC}") = "Base de datos real video 4", "Base de datos real video 4\Base de datos real video 4.csproj", "{090A3BED-E5CB-482E-B38A-349CFB9A2C06}"
EndProject
Project("{FAE04EC0-301F-11D3-BF4B-00C04F79EFBC}") = "Base de datos real video 4.Tests", "Base de datos real video 4.Tests\Base de datos real video 4.Tests.csproj", "{009ECE97-B743-4061-8DAB-13FD8F336211}"
EndProject
Global
	GlobalSection(SolutionConfigurationPlatforms) = preSolution
		Debug|Any CPU = Debug|Any CPU
		Release|Any CPU = Release|Any CPU
	EndGlobalSection
	GlobalSection(ProjectConfigurationPlatforms) = postSolution
		{090A3BED-E5CB-482E-B38A-349CFB9A2C06}.Debug|Any CPU.ActiveCfg = Debug|Any CPU
		{090A3BED-E5CB-482E-B38A-349CFB9A2C06}.Debug|Any CPU.Build.0 = Debug|Any CPU
		{090A3BED-E5CB-482E-B38A-349CFB9A2C06}.Release|Any CPU.ActiveCfg = Release|Any CPU
		{090A3BED-E5CB-482E-B38A-349CFB9A2C06}.Release|Any CPU.Build.0 = Release|Any CPU
		{009ECE97-B743-4061-8DAB-13FD8F336211}.Debug|Any CPU.ActiveCfg = Debug|Any CPU
		{009ECE97-B743-4061-8DAB-13FD8F336211}.Debug|Any CPU.Build.0 = Debug|Any CPU
		{009ECE97-B743-4061-8DAB-13FD8F336211}.Release|Any CPU.ActiveCfg = Release|Any CPU
		{009ECE97-B743-4061-8DAB-13FD8F336211}.Release|Any CPU.Build.0 = Release|Any CPU
	EndGlobalSection
	GlobalSection(SolutionProperties) = preSolution
		HideSolutionNode = FALSE
	EndGlobalSection
EndGlobal
